
Microsoft Visual Studio Solution File, Format Version 12.00
# Visual Studio 2013
VisualStudioVersion = 12.0.31101.0
MinimumVisualStudioVersion = 10.0.40219.1
Project("{FAE04EC0-301F-11D3-BF4B-00C04F79EFBC}") = "AcTraining", "AcTraining\AcTraining.csproj", "{FCDEE535-462A-43E5-AA83-EBE08FA6C788}"
EndProject
Project("{FAE04EC0-301F-11D3-BF4B-00C04F79EFBC}") = "AcTraining.Tests", "C:\Users\scherf\Documents\Visual Studio 2013\Projects\AcTraining\AcTraining.Tests\AcTraining.Tests.csproj", "{BF406BC6-A530-4C4E-88AE-313656286095}"
EndProject
Project("{2150E333-8FDC-42A3-9474-1A3956D46DE8}") = ".nuget", ".nuget", "{11B47899-9B22-4F6F-AEEA-F84AD3C9CC49}"
	ProjectSection(SolutionItems) = preProject
		.nuget\NuGet.Config = .nuget\NuGet.Config
		.nuget\NuGet.exe = .nuget\NuGet.exe
		.nuget\NuGet.targets = .nuget\NuGet.targets
	EndProjectSection
EndProject
Global
	GlobalSection(SolutionConfigurationPlatforms) = preSolution
		Debug|Any CPU = Debug|Any CPU
		Release|Any CPU = Release|Any CPU
	EndGlobalSection
	GlobalSection(ProjectConfigurationPlatforms) = postSolution
		{FCDEE535-462A-43E5-AA83-EBE08FA6C788}.Debug|Any CPU.ActiveCfg = Debug|Any CPU
		{FCDEE535-462A-43E5-AA83-EBE08FA6C788}.Debug|Any CPU.Build.0 = Debug|Any CPU
		{FCDEE535-462A-43E5-AA83-EBE08FA6C788}.Release|Any CPU.ActiveCfg = Release|Any CPU
		{FCDEE535-462A-43E5-AA83-EBE08FA6C788}.Release|Any CPU.Build.0 = Release|Any CPU
		{BF406BC6-A530-4C4E-88AE-313656286095}.Debug|Any CPU.ActiveCfg = Debug|Any CPU
		{BF406BC6-A530-4C4E-88AE-313656286095}.Debug|Any CPU.Build.0 = Debug|Any CPU
		{BF406BC6-A530-4C4E-88AE-313656286095}.Release|Any CPU.ActiveCfg = Release|Any CPU
		{BF406BC6-A530-4C4E-88AE-313656286095}.Release|Any CPU.Build.0 = Release|Any CPU
	EndGlobalSection
	GlobalSection(SolutionProperties) = preSolution
		HideSolutionNode = FALSE
	EndGlobalSection
EndGlobal
